// !$*UTF8*$!
{
	archiveVersion = 1;
	classes = {
	};
	objectVersion = 46;
	objects = {

/* Begin PBXBuildFile section */
		3C9D02E41AA6648F00125805 /* AppDelegate.swift in Sources */ = {isa = PBXBuildFile; fileRef = 3C9D02E31AA6648F00125805 /* AppDelegate.swift */; };
		3C9D02E61AA6648F00125805 /* ViewController.swift in Sources */ = {isa = PBXBuildFile; fileRef = 3C9D02E51AA6648F00125805 /* ViewController.swift */; };
		3C9D02E91AA6648F00125805 /* Main.storyboard in Resources */ = {isa = PBXBuildFile; fileRef = 3C9D02E71AA6648F00125805 /* Main.storyboard */; };
		3C9D02EB1AA6648F00125805 /* Images.xcassets in Resources */ = {isa = PBXBuildFile; fileRef = 3C9D02EA1AA6648F00125805 /* Images.xcassets */; };
		3C9D02EE1AA6648F00125805 /* LaunchScreen.xib in Resources */ = {isa = PBXBuildFile; fileRef = 3C9D02EC1AA6648F00125805 /* LaunchScreen.xib */; };
		3C9D02FA1AA6648F00125805 /* HelloWorldTests.swift in Sources */ = {isa = PBXBuildFile; fileRef = 3C9D02F91AA6648F00125805 /* HelloWorldTests.swift */; };
/* End PBXBuildFile section */

/* Begin PBXContainerItemProxy section */
		3C9D02F41AA6648F00125805 /* PBXContainerItemProxy */ = {
			isa = PBXContainerItemProxy;
			containerPortal = 3C9D02D61AA6648F00125805 /* Project object */;
			proxyType = 1;
			remoteGlobalIDString = 3C9D02DD1AA6648F00125805;
			remoteInfo = HelloWorld;
		};
/* End PBXContainerItemProxy section */

/* Begin PBXFileReference section */
		3C9D02DE1AA6648F00125805 /* HelloWorld.app */ = {isa = PBXFileReference; explicitFileType = wrapper.application; includeInIndex = 0; path = HelloWorld.app; sourceTree = BUILT_PRODUCTS_DIR; };
		3C9D02E21AA6648F00125805 /* Info.plist */ = {isa = PBXFileReference; lastKnownFileType = text.plist.xml; path = Info.plist; sourceTree = "<group>"; };
		3C9D02E31AA6648F00125805 /* AppDelegate.swift */ = {isa = PBXFileReference; lastKnownFileType = sourcecode.swift; path = AppDelegate.swift; sourceTree = "<group>"; };
		3C9D02E51AA6648F00125805 /* ViewController.swift */ = {isa = PBXFileReference; lastKnownFileType = sourcecode.swift; path = ViewController.swift; sourceTree = "<group>"; };
		3C9D02E81AA6648F00125805 /* Base */ = {isa = PBXFileReference; lastKnownFileType = file.storyboard; name = Base; path = Base.lproj/Main.storyboard; sourceTree = "<group>"; };
		3C9D02EA1AA6648F00125805 /* Images.xcassets */ = {isa = PBXFileReference; lastKnownFileType = folder.assetcatalog; path = Images.xcassets; sourceTree = "<group>"; };
		3C9D02ED1AA6648F00125805 /* Base */ = {isa = PBXFileReference; lastKnownFileType = file.xib; name = Base; path = Base.lproj/LaunchScreen.xib; sourceTree = "<group>"; };
		3C9D02F31AA6648F00125805 /* HelloWorldTests.xctest */ = {isa = PBXFileReference; explicitFileType = wrapper.cfbundle; includeInIndex = 0; path = HelloWorldTests.xctest; sourceTree = BUILT_PRODUCTS_DIR; };
		3C9D02F81AA6648F00125805 /* Info.plist */ = {isa = PBXFileReference; lastKnownFileType = text.plist.xml; path = Info.plist; sourceTree = "<group>"; };
		3C9D02F91AA6648F00125805 /* HelloWorldTests.swift */ = {isa = PBXFileReference; lastKnownFileType = sourcecode.swift; path = HelloWorldTests.swift; sourceTree = "<group>"; };
/* End PBXFileReference section */

/* Begin PBXFrameworksBuildPhase section */
		3C9D02DB1AA6648F00125805 /* Frameworks */ = {
			isa = PBXFrameworksBuildPhase;
			buildActionMask = 2147483647;
			files = (
			);
			runOnlyForDeploymentPostprocessing = 0;
		};
		3C9D02F01AA6648F00125805 /* Frameworks */ = {
			isa = PBXFrameworksBuildPhase;
			buildActionMask = 2147483647;
			files = (
			);
			runOnlyForDeploymentPostprocessing = 0;
		};
/* End PBXFrameworksBuildPhase section */

/* Begin PBXGroup section */
		3C9D02D51AA6648F00125805 = {
			isa = PBXGroup;
			children = (
				3C9D02E01AA6648F00125805 /* HelloWorld */,
				3C9D02F61AA6648F00125805 /* HelloWorldTests */,
				3C9D02DF1AA6648F00125805 /* Products */,
			);
			sourceTree = "<group>";
		};
		3C9D02DF1AA6648F00125805 /* Products */ = {
			isa = PBXGroup;
			children = (
				3C9D02DE1AA6648F00125805 /* HelloWorld.app */,
				3C9D02F31AA6648F00125805 /* HelloWorldTests.xctest */,
			);
			name = Products;
			sourceTree = "<group>";
		};
		3C9D02E01AA6648F00125805 /* HelloWorld */ = {
			isa = PBXGroup;
			children = (
				3C9D02E31AA6648F00125805 /* AppDelegate.swift */,
				3C9D02E51AA6648F00125805 /* ViewController.swift */,
				3C9D02E71AA6648F00125805 /* Main.storyboard */,
				3C9D02EA1AA6648F00125805 /* Images.xcassets */,
				3C9D02EC1AA6648F00125805 /* LaunchScreen.xib */,
				3C9D02E11AA6648F00125805 /* Supporting Files */,
			);
			path = HelloWorld;
			sourceTree = "<group>";
		};
		3C9D02E11AA6648F00125805 /* Supporting Files */ = {
			isa = PBXGroup;
			children = (
				3C9D02E21AA6648F00125805 /* Info.plist */,
			);
			name = "Supporting Files";
			sourceTree = "<group>";
		};
		3C9D02F61AA6648F00125805 /* HelloWorldTests */ = {
			isa = PBXGroup;
			children = (
				3C9D02F91AA6648F00125805 /* HelloWorldTests.swift */,
				3C9D02F71AA6648F00125805 /* Supporting Files */,
			);
			path = HelloWorldTests;
			sourceTree = "<group>";
		};
		3C9D02F71AA6648F00125805 /* Supporting Files */ = {
			isa = PBXGroup;
			children = (
				3C9D02F81AA6648F00125805 /* Info.plist */,
			);
			name = "Supporting Files";
			sourceTree = "<group>";
		};
/* End PBXGroup section */

/* Begin PBXNativeTarget section */
		3C9D02DD1AA6648F00125805 /* HelloWorld */ = {
			isa = PBXNativeTarget;
			buildConfigurationList = 3C9D02FD1AA6648F00125805 /* Build configuration list for PBXNativeTarget "HelloWorld" */;
			buildPhases = (
				3C9D02DA1AA6648F00125805 /* Sources */,
				3C9D02DB1AA6648F00125805 /* Frameworks */,
				3C9D02DC1AA6648F00125805 /* Resources */,
			);
			buildRules = (
			);
			dependencies = (
			);
			name = HelloWorld;
			productName = HelloWorld;
			productReference = 3C9D02DE1AA6648F00125805 /* HelloWorld.app */;
			productType = "com.apple.product-type.application";
		};
		3C9D02F21AA6648F00125805 /* HelloWorldTests */ = {
			isa = PBXNativeTarget;
			buildConfigurationList = 3C9D03001AA6648F00125805 /* Build configuration list for PBXNativeTarget "HelloWorldTests" */;
			buildPhases = (
				3C9D02EF1AA6648F00125805 /* Sources */,
				3C9D02F01AA6648F00125805 /* Frameworks */,
				3C9D02F11AA6648F00125805 /* Resources */,
			);
			buildRules = (
			);
			dependencies = (
				3C9D02F51AA6648F00125805 /* PBXTargetDependency */,
			);
			name = HelloWorldTests;
			productName = HelloWorldTests;
			productReference = 3C9D02F31AA6648F00125805 /* HelloWorldTests.xctest */;
			productType = "com.apple.product-type.bundle.unit-test";
		};
/* End PBXNativeTarget section */

/* Begin PBXProject section */
		3C9D02D61AA6648F00125805 /* Project object */ = {
			isa = PBXProject;
			attributes = {
				LastUpgradeCheck = 0610;
				ORGANIZATIONNAME = "Jonatan Santa Cruz Soria";
				TargetAttributes = {
					3C9D02DD1AA6648F00125805 = {
						CreatedOnToolsVersion = 6.1.1;
					};
					3C9D02F21AA6648F00125805 = {
						CreatedOnToolsVersion = 6.1.1;
						TestTargetID = 3C9D02DD1AA6648F00125805;
					};
				};
			};
			buildConfigurationList = 3C9D02D91AA6648F00125805 /* Build configuration list for PBXProject "HelloWorld" */;
			compatibilityVersion = "Xcode 3.2";
			developmentRegion = English;
			hasScannedForEncodings = 0;
			knownRegions = (
				en,
				Base,
			);
			mainGroup = 3C9D02D51AA6648F00125805;
			productRefGroup = 3C9D02DF1AA6648F00125805 /* Products */;
			projectDirPath = "";
			projectRoot = "";
			targets = (
				3C9D02DD1AA6648F00125805 /* HelloWorld */,
				3C9D02F21AA6648F00125805 /* HelloWorldTests */,
			);
		};
/* End PBXProject section */

/* Begin PBXResourcesBuildPhase section */
		3C9D02DC1AA6648F00125805 /* Resources */ = {
			isa = PBXResourcesBuildPhase;
			buildActionMask = 2147483647;
			files = (
				3C9D02E91AA6648F00125805 /* Main.storyboard in Resources */,
				3C9D02EE1AA6648F00125805 /* LaunchScreen.xib in Resources */,
				3C9D02EB1AA6648F00125805 /* Images.xcassets in Resources */,
			);
			runOnlyForDeploymentPostprocessing = 0;
		};
		3C9D02F11AA6648F00125805 /* Resources */ = {
			isa = PBXResourcesBuildPhase;
			buildActionMask = 2147483647;
			files = (
			);
			runOnlyForDeploymentPostprocessing = 0;
		};
/* End PBXResourcesBuildPhase section */

/* Begin PBXSourcesBuildPhase section */
		3C9D02DA1AA6648F00125805 /* Sources */ = {
			isa = PBXSourcesBuildPhase;
			buildActionMask = 2147483647;
			files = (
				3C9D02E61AA6648F00125805 /* ViewController.swift in Sources */,
				3C9D02E41AA6648F00125805 /* AppDelegate.swift in Sources */,
			);
			runOnlyForDeploymentPostprocessing = 0;
		};
		3C9D02EF1AA6648F00125805 /* Sources */ = {
			isa = PBXSourcesBuildPhase;
			buildActionMask = 2147483647;
			files = (
				3C9D02FA1AA6648F00125805 /* HelloWorldTests.swift in Sources */,
			);
			runOnlyForDeploymentPostprocessing = 0;
		};
/* End PBXSourcesBuildPhase section */

/* Begin PBXTargetDependency section */
		3C9D02F51AA6648F00125805 /* PBXTargetDependency */ = {
			isa = PBXTargetDependency;
			target = 3C9D02DD1AA6648F00125805 /* HelloWorld */;
			targetProxy = 3C9D02F41AA6648F00125805 /* PBXContainerItemProxy */;
		};
/* End PBXTargetDependency section */

/* Begin PBXVariantGroup section */
		3C9D02E71AA6648F00125805 /* Main.storyboard */ = {
			isa = PBXVariantGroup;
			children = (
				3C9D02E81AA6648F00125805 /* Base */,
			);
			name = Main.storyboard;
			sourceTree = "<group>";
		};
		3C9D02EC1AA6648F00125805 /* LaunchScreen.xib */ = {
			isa = PBXVariantGroup;
			children = (
				3C9D02ED1AA6648F00125805 /* Base */,
			);
			name = LaunchScreen.xib;
			sourceTree = "<group>";
		};
/* End PBXVariantGroup section */

/* Begin XCBuildConfiguration section */
		3C9D02FB1AA6648F00125805 /* Debug */ = {
			isa = XCBuildConfiguration;
			buildSettings = {
				ALWAYS_SEARCH_USER_PATHS = NO;
				CLANG_CXX_LANGUAGE_STANDARD = "gnu++0x";
				CLANG_CXX_LIBRARY = "libc++";
				CLANG_ENABLE_MODULES = YES;
				CLANG_ENABLE_OBJC_ARC = YES;
				CLANG_WARN_BOOL_CONVERSION = YES;
				CLANG_WARN_CONSTANT_CONVERSION = YES;
				CLANG_WARN_DIRECT_OBJC_ISA_USAGE = YES_ERROR;
				CLANG_WARN_EMPTY_BODY = YES;
				CLANG_WARN_ENUM_CONVERSION = YES;
				CLANG_WARN_INT_CONVERSION = YES;
				CLANG_WARN_OBJC_ROOT_CLASS = YES_ERROR;
				CLANG_WARN_UNREACHABLE_CODE = YES;
				CLANG_WARN__DUPLICATE_METHOD_MATCH = YES;
				"CODE_SIGN_IDENTITY[sdk=iphoneos*]" = "iPhone Developer";
				COPY_PHASE_STRIP = NO;
				ENABLE_STRICT_OBJC_MSGSEND = YES;
				GCC_C_LANGUAGE_STANDARD = gnu99;
				GCC_DYNAMIC_NO_PIC = NO;
				GCC_OPTIMIZATION_LEVEL = 0;
				GCC_PREPROCESSOR_DEFINITIONS = (
					"DEBUG=1",
					"$(inherited)",
				);
				GCC_SYMBOLS_PRIVATE_EXTERN = NO;
				GCC_WARN_64_TO_32_BIT_CONVERSION = YES;
				GCC_WARN_ABOUT_RETURN_TYPE = YES_ERROR;
				GCC_WARN_UNDECLARED_SELECTOR = YES;
				GCC_WARN_UNINITIALIZED_AUTOS = YES_AGGRESSIVE;
				GCC_WARN_UNUSED_FUNCTION = YES;
				GCC_WARN_UNUSED_VARIABLE = YES;
				IPHONEOS_DEPLOYMENT_TARGET = 8.1;
				MTL_ENABLE_DEBUG_INFO = YES;
				ONLY_ACTIVE_ARCH = YES;
				SDKROOT = iphoneos;
				SWIFT_OPTIMIZATION_LEVEL = "-Onone";
			};
			name = Debug;
		};
		3C9D02FC1AA6648F00125805 /* Release */ = {
			isa = XCBuildConfiguration;
			buildSettings = {
				ALWAYS_SEARCH_USER_PATHS = NO;
				CLANG_CXX_LANGUAGE_STANDARD = "gnu++0x";
				CLANG_CXX_LIBRARY = "libc++";
				CLANG_ENABLE_MODULES = YES;
				CLANG_ENABLE_OBJC_ARC = YES;
				CLANG_WARN_BOOL_CONVERSION = YES;
				CLANG_WARN_CONSTANT_CONVERSION = YES;
				CLANG_WARN_DIRECT_OBJC_ISA_USAGE = YES_ERROR;
				CLANG_WARN_EMPTY_BODY = YES;
				CLANG_WARN_ENUM_CONVERSION = YES;
				CLANG_WARN_INT_CONVERSION = YES;
				CLANG_WARN_OBJC_ROOT_CLASS = YES_ERROR;
				CLANG_WARN_UNREACHABLE_CODE = YES;
				CLANG_WARN__DUPLICATE_METHOD_MATCH = YES;
				"CODE_SIGN_IDENTITY[sdk=iphoneos*]" = "iPhone Developer";
				COPY_PHASE_STRIP = YES;
				ENABLE_NS_ASSERTIONS = NO;
				ENABLE_STRICT_OBJC_MSGSEND = YES;
				GCC_C_LANGUAGE_STANDARD = gnu99;
				GCC_WARN_64_TO_32_BIT_CONVERSION = YES;
				GCC_WARN_ABOUT_RETURN_TYPE = YES_ERROR;
				GCC_WARN_UNDECLARED_SELECTOR = YES;
				GCC_WARN_UNINITIALIZED_AUTOS = YES_AGGRESSIVE;
				GCC_WARN_UNUSED_FUNCTION = YES;
				GCC_WARN_UNUSED_VARIABLE = YES;
				IPHONEOS_DEPLOYMENT_TARGET = 8.1;
				MTL_ENABLE_DEBUG_INFO = NO;
				SDKROOT = iphoneos;
				VALIDATE_PRODUCT = YES;
			};
			name = Release;
		};
		3C9D02FE1AA6648F00125805 /* Debug */ = {
			isa = XCBuildConfiguration;
			buildSettings = {
				ASSETCATALOG_COMPILER_APPICON_NAME = AppIcon;
				INFOPLIST_FILE = HelloWorld/Info.plist;
				LD_RUNPATH_SEARCH_PATHS = "$(inherited) @executable_path/Frameworks";
				PRODUCT_NAME = "$(TARGET_NAME)";
			};
			name = Debug;
		};
		3C9D02FF1AA6648F00125805 /* Release */ = {
			isa = XCBuildConfiguration;
			buildSettings = {
				ASSETCATALOG_COMPILER_APPICON_NAME = AppIcon;
				INFOPLIST_FILE = HelloWorld/Info.plist;
				LD_RUNPATH_SEARCH_PATHS = "$(inherited) @executable_path/Frameworks";
				PRODUCT_NAME = "$(TARGET_NAME)";
			};
			name = Release;
		};
		3C9D03011AA6648F00125805 /* Debug */ = {
			isa = XCBuildConfiguration;
			buildSettings = {
				BUNDLE_LOADER = "$(TEST_HOST)";
				FRAMEWORK_SEARCH_PATHS = (
					"$(SDKROOT)/Developer/Library/Frameworks",
					"$(inherited)",
				);
				GCC_PREPROCESSOR_DEFINITIONS = (
					"DEBUG=1",
					"$(inherited)",
				);
				INFOPLIST_FILE = HelloWorldTests/Info.plist;
				LD_RUNPATH_SEARCH_PATHS = "$(inherited) @executable_path/Frameworks @loader_path/Frameworks";
				PRODUCT_NAME = "$(TARGET_NAME)";
				TEST_HOST = "$(BUILT_PRODUCTS_DIR)/HelloWorld.app/HelloWorld";
			};
			name = Debug;
		};
		3C9D03021AA6648F00125805 /* Release */ = {
			isa = XCBuildConfiguration;
			buildSettings = {
				BUNDLE_LOADER = "$(TEST_HOST)";
				FRAMEWORK_SEARCH_PATHS = (
					"$(SDKROOT)/Developer/Library/Frameworks",
					"$(inherited)",
				);
				INFOPLIST_FILE = HelloWorldTests/Info.plist;
				LD_RUNPATH_SEARCH_PATHS = "$(inherited) @executable_path/Frameworks @loader_path/Frameworks";
				PRODUCT_NAME = "$(TARGET_NAME)";
				TEST_HOST = "$(BUILT_PRODUCTS_DIR)/HelloWorld.app/HelloWorld";
			};
			name = Release;
		};
/* End XCBuildConfiguration section */

/* Begin XCConfigurationList section */
		3C9D02D91AA6648F00125805 /* Build configuration list for PBXProject "HelloWorld" */ = {
			isa = XCConfigurationList;
			buildConfigurations = (
				3C9D02FB1AA6648F00125805 /* Debug */,
				3C9D02FC1AA6648F00125805 /* Release */,
			);
			defaultConfigurationIsVisible = 0;
			defaultConfigurationName = Release;
		};
		3C9D02FD1AA6648F00125805 /* Build configuration list for PBXNativeTarget "HelloWorld" */ = {
			isa = XCConfigurationList;
			buildConfigurations = (
				3C9D02FE1AA6648F00125805 /* Debug */,
				3C9D02FF1AA6648F00125805 /* Release */,
			);
			defaultConfigurationIsVisible = 0;
		};
		3C9D03001AA6648F00125805 /* Build configuration list for PBXNativeTarget "HelloWorldTests" */ = {
			isa = XCConfigurationList;
			buildConfigurations = (
				3C9D03011AA6648F00125805 /* Debug */,
				3C9D03021AA6648F00125805 /* Release */,
			);
			defaultConfigurationIsVisible = 0;
		};
/* End XCConfigurationList section */
	};
	rootObject = 3C9D02D61AA6648F00125805 /* Project object */;
}
